# THIS IS AN AUTOGENERATED FILE. DO NOT EDIT THIS FILE DIRECTLY.
# yarn lockfile v1


"@fortawesome/fontawesome-pro@^5.6.3":
  version "5.11.2"
  resolved "https://npm.fontawesome.com/@fortawesome/fontawesome-pro/-/fontawesome-pro-5.11.2.tgz#4c055b486f2ec488ef982133703879176efa7f54"
  integrity sha512-qDJHtsCBkGqVM1i10aTjl1WCB/YPCxYYn7lQZNXDqo0yHzBXiwrwv2RXDV4vWgFP7fvCeqKVkP0Co2YQnkTxJg==
